dependencies:
  espressif/esp-modbus:
    component_hash: 26a64a9531b5e15a1bbdb9064f2f8715df5b150bfb821dd493174a5aa7566bf8
    dependencies:
    - name: idf
      require: private
      version: '>=5.0'
    source:
      registry_url: https://components.espressif.com/
      type: service
    version: 2.1.4
  idf:
    source:
      type: idf
    version: 5.3.3
direct_dependencies:
- espressif/esp-modbus
- idf
manifest_hash: b4092c18b68f8819ec3bdc3987060dc5dcf540c0ad6c792dca9055b436acc26f
target: esp32
version: 2.0.0
